
Microsoft Visual Studio Solution File, Format Version 12.00
# Visual Studio 14
VisualStudioVersion = 14.0.24720.0
MinimumVisualStudioVersion = 10.0.40219.1
Project("{2150E333-8FDC-42A3-9474-1A3956D46DE8}") = "Presentation", "Presentation", "{C2F317F1-DB3E-4572-9E51-9FE6E0048CAC}"
EndProject
Project("{2150E333-8FDC-42A3-9474-1A3956D46DE8}") = "Domain", "Domain", "{C243D387-57D5-42AE-9EF8-43B06AD35B0D}"
EndProject
Project("{2150E333-8FDC-42A3-9474-1A3956D46DE8}") = "Infrastructure", "Infrastructure", "{A04750E1-66F1-4C31-A792-6890DFEDF735}"
EndProject
Project("{2150E333-8FDC-42A3-9474-1A3956D46DE8}") = "Services", "Services", "{834F78A7-C56E-4356-A4A7-C5CE6BA67152}"
EndProject
Project("{FAE04EC0-301F-11D3-BF4B-00C04F79EFBC}") = "MovieLibrary.Domain", "MovieLibrary.Domain\MovieLibrary.Domain.csproj", "{D963DCCA-E71A-4668-B2D2-A51EF5E5682B}"
EndProject
Project("{FAE04EC0-301F-11D3-BF4B-00C04F79EFBC}") = "MovieLibrary.Infrastructure.Persistence", "MovieLibrary.Infrastructure.Persistence\MovieLibrary.Infrastructure.Persistence.csproj", "{915AE5B9-2B6D-4368-BA47-4200353B7605}"
EndProject
Project("{FAE04EC0-301F-11D3-BF4B-00C04F79EFBC}") = "MovieLibrary.Services", "MovieLibrary.Services\MovieLibrary.Services.csproj", "{A8DB5046-7A35-45C4-B470-53533171D680}"
EndProject
Project("{FAE04EC0-301F-11D3-BF4B-00C04F79EFBC}") = "MovieLibrary.Services.Test", "MovieLibrary.Services.Test\MovieLibrary.Services.Test.csproj", "{94EDCC4B-8D90-468A-8A4A-CBF091D3DF65}"
EndProject
Project("{FAE04EC0-301F-11D3-BF4B-00C04F79EFBC}") = "MovieLibrary.Domain.Tests", "MovieLibrary.Domain.Tests\MovieLibrary.Domain.Tests.csproj", "{6FFC09EC-65EC-49A8-BAAE-FDEB808A939D}"
EndProject
Project("{FAE04EC0-301F-11D3-BF4B-00C04F79EFBC}") = "MovieLibrary.Presentation.Web", "MovieLibrary.Presentation.Web\MovieLibrary.Presentation.Web.csproj", "{7A49FDE5-D532-4D8C-B18C-5E0ED4DA0F0B}"
EndProject
Project("{FAE04EC0-301F-11D3-BF4B-00C04F79EFBC}") = "MovieLibrary.Presentation.Web.Tests", "MovieLibrary.Presentation.Web.Tests\MovieLibrary.Presentation.Web.Tests.csproj", "{EA8AD696-7D24-4082-853F-6A2140B20B76}"
EndProject
Global
	GlobalSection(SolutionConfigurationPlatforms) = preSolution
		Debug|Any CPU = Debug|Any CPU
		Release|Any CPU = Release|Any CPU
	EndGlobalSection
	GlobalSection(ProjectConfigurationPlatforms) = postSolution
		{D963DCCA-E71A-4668-B2D2-A51EF5E5682B}.Debug|Any CPU.ActiveCfg = Debug|Any CPU
		{D963DCCA-E71A-4668-B2D2-A51EF5E5682B}.Debug|Any CPU.Build.0 = Debug|Any CPU
		{D963DCCA-E71A-4668-B2D2-A51EF5E5682B}.Release|Any CPU.ActiveCfg = Release|Any CPU
		{D963DCCA-E71A-4668-B2D2-A51EF5E5682B}.Release|Any CPU.Build.0 = Release|Any CPU
		{915AE5B9-2B6D-4368-BA47-4200353B7605}.Debug|Any CPU.ActiveCfg = Debug|Any CPU
		{915AE5B9-2B6D-4368-BA47-4200353B7605}.Debug|Any CPU.Build.0 = Debug|Any CPU
		{915AE5B9-2B6D-4368-BA47-4200353B7605}.Release|Any CPU.ActiveCfg = Release|Any CPU
		{915AE5B9-2B6D-4368-BA47-4200353B7605}.Release|Any CPU.Build.0 = Release|Any CPU
		{A8DB5046-7A35-45C4-B470-53533171D680}.Debug|Any CPU.ActiveCfg = Debug|Any CPU
		{A8DB5046-7A35-45C4-B470-53533171D680}.Debug|Any CPU.Build.0 = Debug|Any CPU
		{A8DB5046-7A35-45C4-B470-53533171D680}.Release|Any CPU.ActiveCfg = Release|Any CPU
		{A8DB5046-7A35-45C4-B470-53533171D680}.Release|Any CPU.Build.0 = Release|Any CPU
		{94EDCC4B-8D90-468A-8A4A-CBF091D3DF65}.Debug|Any CPU.ActiveCfg = Debug|Any CPU
		{94EDCC4B-8D90-468A-8A4A-CBF091D3DF65}.Debug|Any CPU.Build.0 = Debug|Any CPU
		{94EDCC4B-8D90-468A-8A4A-CBF091D3DF65}.Release|Any CPU.ActiveCfg = Release|Any CPU
		{94EDCC4B-8D90-468A-8A4A-CBF091D3DF65}.Release|Any CPU.Build.0 = Release|Any CPU
		{6FFC09EC-65EC-49A8-BAAE-FDEB808A939D}.Debug|Any CPU.ActiveCfg = Debug|Any CPU
		{6FFC09EC-65EC-49A8-BAAE-FDEB808A939D}.Debug|Any CPU.Build.0 = Debug|Any CPU
		{6FFC09EC-65EC-49A8-BAAE-FDEB808A939D}.Release|Any CPU.ActiveCfg = Release|Any CPU
		{6FFC09EC-65EC-49A8-BAAE-FDEB808A939D}.Release|Any CPU.Build.0 = Release|Any CPU
		{7A49FDE5-D532-4D8C-B18C-5E0ED4DA0F0B}.Debug|Any CPU.ActiveCfg = Debug|Any CPU
		{7A49FDE5-D532-4D8C-B18C-5E0ED4DA0F0B}.Debug|Any CPU.Build.0 = Debug|Any CPU
		{7A49FDE5-D532-4D8C-B18C-5E0ED4DA0F0B}.Release|Any CPU.ActiveCfg = Release|Any CPU
		{7A49FDE5-D532-4D8C-B18C-5E0ED4DA0F0B}.Release|Any CPU.Build.0 = Release|Any CPU
		{EA8AD696-7D24-4082-853F-6A2140B20B76}.Debug|Any CPU.ActiveCfg = Debug|Any CPU
		{EA8AD696-7D24-4082-853F-6A2140B20B76}.Debug|Any CPU.Build.0 = Debug|Any CPU
		{EA8AD696-7D24-4082-853F-6A2140B20B76}.Release|Any CPU.ActiveCfg = Release|Any CPU
		{EA8AD696-7D24-4082-853F-6A2140B20B76}.Release|Any CPU.Build.0 = Release|Any CPU
	EndGlobalSection
	GlobalSection(SolutionProperties) = preSolution
		HideSolutionNode = FALSE
	EndGlobalSection
	GlobalSection(NestedProjects) = preSolution
		{D963DCCA-E71A-4668-B2D2-A51EF5E5682B} = {C243D387-57D5-42AE-9EF8-43B06AD35B0D}
		{915AE5B9-2B6D-4368-BA47-4200353B7605} = {A04750E1-66F1-4C31-A792-6890DFEDF735}
		{A8DB5046-7A35-45C4-B470-53533171D680} = {834F78A7-C56E-4356-A4A7-C5CE6BA67152}
		{94EDCC4B-8D90-468A-8A4A-CBF091D3DF65} = {834F78A7-C56E-4356-A4A7-C5CE6BA67152}
		{6FFC09EC-65EC-49A8-BAAE-FDEB808A939D} = {C243D387-57D5-42AE-9EF8-43B06AD35B0D}
		{7A49FDE5-D532-4D8C-B18C-5E0ED4DA0F0B} = {C2F317F1-DB3E-4572-9E51-9FE6E0048CAC}
		{EA8AD696-7D24-4082-853F-6A2140B20B76} = {C2F317F1-DB3E-4572-9E51-9FE6E0048CAC}
	EndGlobalSection
EndGlobal
